<Solution>
  <Folder Name="/profiling/">
    <Project Path="profiling/Nexus.Profiling/Nexus.Profiling.csproj" />
  </Folder>
  <Folder Name="/benchmarks/">
    <Project Path="benchmarks/Nexus.Benchmarks/Nexus.Benchmarks.csproj" />
  </Folder>
  <Folder Name="/src/">
    <Project Path="src/Nexus.ClientGenerator/Nexus.ClientGenerator.csproj" />
    <Project Path="src/Nexus.UI/Nexus.UI.csproj" />
    <Project Path="src/Nexus/Nexus.csproj" />
  </Folder>
  <Folder Name="/src/clients/">
    <Project Path="src/clients/dotnet/client.csproj" />
  </Folder>
  <Folder Name="/src/extensibility/">
    <Project Path="src/extensibility/dotnet-extensibility-analyzers/dotnet-extensibility-analyzers.csproj" />
    <Project Path="src/extensibility/dotnet-extensibility/dotnet-extensibility.csproj" />
  </Folder>
  <Folder Name="/tests/">
    <Project Path="tests/Nexus.Tests/Nexus.Tests.csproj" />
    <Project Path="tests/Nexus.UI.Tests/Nexus.UI.Tests.csproj" />
  </Folder>
  <Folder Name="/tests/clients/">
    <Project Path="tests/clients/dotnet-tests/client-tests.csproj" />
  </Folder>
  <Folder Name="/tests/extensibility/">
    <Project Path="tests/extensibility/dotnet-extensibility-tests/dotnet-extensibility-tests.csproj" />
  </Folder>
</Solution>
